
Microsoft Visual Studio Solution File, Format Version 12.00
# Visual Studio Version 16
VisualStudioVersion = 16.0.30204.135
MinimumVisualStudioVersion = 10.0.40219.1
Project("{FAE04EC0-301F-11D3-BF4B-00C04F79EFBC}") = "OnlineFight", "OnlineFight\OnlineFight.csproj", "{D4C34712-0196-43D9-995C-57D181BBB2B6}"
EndProject
Global
	GlobalSection(SolutionConfigurationPlatforms) = preSolution
		Debug|Any CPU = Debug|Any CPU
		Release|Any CPU = Release|Any CPU
	EndGlobalSection
	GlobalSection(ProjectConfigurationPlatforms) = postSolution
		{D4C34712-0196-43D9-995C-57D181BBB2B6}.Debug|Any CPU.ActiveCfg = Debug|Any CPU
		{D4C34712-0196-43D9-995C-57D181BBB2B6}.Debug|Any CPU.Build.0 = Debug|Any CPU
		{D4C34712-0196-43D9-995C-57D181BBB2B6}.Release|Any CPU.ActiveCfg = Release|Any CPU
		{D4C34712-0196-43D9-995C-57D181BBB2B6}.Release|Any CPU.Build.0 = Release|Any CPU
	EndGlobalSection
	GlobalSection(SolutionProperties) = preSolution
		HideSolutionNode = FALSE
	EndGlobalSection
	GlobalSection(ExtensibilityGlobals) = postSolution
		SolutionGuid = {B127C2B1-3CDD-4CE4-A60C-820F1FA99C26}
	EndGlobalSection
EndGlobal
